
Microsoft Visual Studio Solution File, Format Version 12.00
# Visual Studio Version 16
VisualStudioVersion = 25.0.1703.8
MinimumVisualStudioVersion = 10.0.40219.1
Project("{FAE04EC0-301F-11D3-BF4B-00C04F79EFBC}") = "AuthGoogleProject", "AuthGoogleProject.csproj", "{13A692FF-2366-4566-B2B7-779B389FF82D}"
EndProject
Global
	GlobalSection(SolutionConfigurationPlatforms) = preSolution
		Debug|Any CPU = Debug|Any CPU
		Release|Any CPU = Release|Any CPU
	EndGlobalSection
	GlobalSection(ProjectConfigurationPlatforms) = postSolution
		{13A692FF-2366-4566-B2B7-779B389FF82D}.Debug|Any CPU.ActiveCfg = Debug|Any CPU
		{13A692FF-2366-4566-B2B7-779B389FF82D}.Debug|Any CPU.Build.0 = Debug|Any CPU
		{13A692FF-2366-4566-B2B7-779B389FF82D}.Release|Any CPU.ActiveCfg = Release|Any CPU
		{13A692FF-2366-4566-B2B7-779B389FF82D}.Release|Any CPU.Build.0 = Release|Any CPU
	EndGlobalSection
	GlobalSection(SolutionProperties) = preSolution
		HideSolutionNode = FALSE
	EndGlobalSection
	GlobalSection(ExtensibilityGlobals) = postSolution
		SolutionGuid = {3B732C55-7851-4D81-8FAA-5CC0AD1AB41B}
	EndGlobalSection
EndGlobal
